{
  "requires": true,
  "lockfileVersion": 1,
  "dependencies": {
    "@ionic/core": {
      "version": "5.5.1",
      "resolved": "https://registry.npmjs.org/@ionic/core/-/core-5.5.1.tgz",
      "integrity": "sha512-ytsweRqFeupuVzMJydjh0w0RMjlI+GkHwXQ5SwVuto+cRxA9aKPkcxELzOWYRto3E00jbXFBThGhoL+jNUsK7g==",
      "requires": {
        "ionicons": "^5.1.2",
        "tslib": "^1.10.0"
      },
      "dependencies": {
        "tslib": {
          "version": "1.14.1",
          "resolved": "https://registry.npmjs.org/tslib/-/tslib-1.14.1.tgz",
          "integrity": "sha512-Xni35NKzjgMrwevysHTCArtLDpPvye8zV/0E4EyYn43P7/7qvQwPh9BGkHewbMulVntbigmcT7rdX3BNo9wRJg=="
        }
      }
    },
    "@ionic/react": {
      "version": "5.5.1",
      "resolved": "https://registry.npmjs.org/@ionic/react/-/react-5.5.1.tgz",
      "integrity": "sha512-mMk/vgFyn0ire43U4uE0Az2BSQGMDDZRFBQIsorsNohXAc13JYGEi0S6OaRRF4pGbkgnfz9f/hYmeFKyi58tpA==",
      "requires": {
        "@ionic/core": "5.5.1",
        "ionicons": "^5.1.2",
        "tslib": "*"
      }
    },
    "@ionic/react-router": {
      "version": "5.5.1",
      "resolved": "https://registry.npmjs.org/@ionic/react-router/-/react-router-5.5.1.tgz",
      "integrity": "sha512-IJxUN3q6RgoGnnrjv1EpgRPfSH8vptvUjnpV0OM/5YYtxGJOPPDtVXkLP7N8r1HpEqmFBVMJ5/gIqfnFflZ7aA==",
      "requires": {
        "tslib": "*"
      }
    },
    "ionicons": {
      "version": "5.2.3",
      "resolved": "https://registry.npmjs.org/ionicons/-/ionicons-5.2.3.tgz",
      "integrity": "sha512-87qtgBkieKVFagwYA9Cf91B3PCahQbEOMwMt8bSvlQSgflZ4eE5qI4MGj2ZlIyadeX0dgo+0CzZsy3ow0CsBAg=="
    },
    "tslib": {
      "version": "2.0.3",
      "resolved": "https://registry.npmjs.org/tslib/-/tslib-2.0.3.tgz",
      "integrity": "sha512-uZtkfKblCEQtZKBF6EBXVZeQNl82yqtDQdv+eck8u7tdPxjLu2/lp5/uPW+um2tpuxINHWy3GhiccY7QgEaVHQ=="
    }
  }
}
